
Microsoft Visual Studio Solution File, Format Version 12.00
# Visual Studio 2012
Project("{FAE04EC0-301F-11D3-BF4B-00C04F79EFBC}") = "PSComConsole", "PSComConsole\PSComConsole.csproj", "{1DF19AE0-0845-4F8E-B53C-7A82C65FA2DF}"
EndProject
Project("{FAE04EC0-301F-11D3-BF4B-00C04F79EFBC}") = "SerialConsoleService", "SerialConsoleService\SerialConsoleService.csproj", "{89EDAFE2-C278-4DF4-9F1A-D9098B66A295}"
EndProject
Global
	GlobalSection(SolutionConfigurationPlatforms) = preSolution
		Debug|Any CPU = Debug|Any CPU
		Release|Any CPU = Release|Any CPU
	EndGlobalSection
	GlobalSection(ProjectConfigurationPlatforms) = postSolution
		{1DF19AE0-0845-4F8E-B53C-7A82C65FA2DF}.Debug|Any CPU.ActiveCfg = Debug|Any CPU
		{1DF19AE0-0845-4F8E-B53C-7A82C65FA2DF}.Debug|Any CPU.Build.0 = Debug|Any CPU
		{1DF19AE0-0845-4F8E-B53C-7A82C65FA2DF}.Release|Any CPU.ActiveCfg = Release|Any CPU
		{1DF19AE0-0845-4F8E-B53C-7A82C65FA2DF}.Release|Any CPU.Build.0 = Release|Any CPU
		{89EDAFE2-C278-4DF4-9F1A-D9098B66A295}.Debug|Any CPU.ActiveCfg = Debug|Any CPU
		{89EDAFE2-C278-4DF4-9F1A-D9098B66A295}.Debug|Any CPU.Build.0 = Debug|Any CPU
		{89EDAFE2-C278-4DF4-9F1A-D9098B66A295}.Release|Any CPU.ActiveCfg = Release|Any CPU
		{89EDAFE2-C278-4DF4-9F1A-D9098B66A295}.Release|Any CPU.Build.0 = Release|Any CPU
	EndGlobalSection
	GlobalSection(SolutionProperties) = preSolution
		HideSolutionNode = FALSE
	EndGlobalSection
EndGlobal
